
Microsoft Visual Studio Solution File, Format Version 12.00
# Visual Studio Version 17
VisualStudioVersion = 17.8.0.0
MinimumVisualStudioVersion = 17.8.0.0
Project("{9A19103F-16F7-4668-BE54-9A1E7A4F7556}") = "TaskManagerApp.AppHost", "TaskManagerApp.AppHost\TaskManagerApp.AppHost.csproj", "{1BC2CA81-498C-4BE5-AB91-024260984E88}"
EndProject
Project("{9A19103F-16F7-4668-BE54-9A1E7A4F7556}") = "TaskManagerApp.ServiceDefaults", "TaskManagerApp.ServiceDefaults\TaskManagerApp.ServiceDefaults.csproj", "{8C9F8C2C-6D24-41EB-B404-017D8BCCF4CE}"
EndProject
Project("{FAE04EC0-301F-11D3-BF4B-00C04F79EFBC}") = "TaskApi", "TaskApi\TaskApi.csproj", "{D6EB73E8-5180-4651-BFA1-6332FEE19BFA}"
EndProject
Project("{FAE04EC0-301F-11D3-BF4B-00C04F79EFBC}") = "TaskWeb", "TaskWeb\TaskWeb.csproj", "{DB086031-CF5E-4D05-AA98-E7A3506A7134}"
EndProject
Global
	GlobalSection(SolutionConfigurationPlatforms) = preSolution
		Debug|Any CPU = Debug|Any CPU
		Debug|x64 = Debug|x64
		Debug|x86 = Debug|x86
		Release|Any CPU = Release|Any CPU
		Release|x64 = Release|x64
		Release|x86 = Release|x86
	EndGlobalSection
	GlobalSection(ProjectConfigurationPlatforms) = postSolution
		{1BC2CA81-498C-4BE5-AB91-024260984E88}.Debug|Any CPU.ActiveCfg = Debug|Any CPU
		{1BC2CA81-498C-4BE5-AB91-024260984E88}.Debug|Any CPU.Build.0 = Debug|Any CPU
		{1BC2CA81-498C-4BE5-AB91-024260984E88}.Debug|x64.ActiveCfg = Debug|Any CPU
		{1BC2CA81-498C-4BE5-AB91-024260984E88}.Debug|x64.Build.0 = Debug|Any CPU
		{1BC2CA81-498C-4BE5-AB91-024260984E88}.Debug|x86.ActiveCfg = Debug|Any CPU
		{1BC2CA81-498C-4BE5-AB91-024260984E88}.Debug|x86.Build.0 = Debug|Any CPU
		{1BC2CA81-498C-4BE5-AB91-024260984E88}.Release|Any CPU.ActiveCfg = Release|Any CPU
		{1BC2CA81-498C-4BE5-AB91-024260984E88}.Release|Any CPU.Build.0 = Release|Any CPU
		{1BC2CA81-498C-4BE5-AB91-024260984E88}.Release|x64.ActiveCfg = Release|Any CPU
		{1BC2CA81-498C-4BE5-AB91-024260984E88}.Release|x64.Build.0 = Release|Any CPU
		{1BC2CA81-498C-4BE5-AB91-024260984E88}.Release|x86.ActiveCfg = Release|Any CPU
		{1BC2CA81-498C-4BE5-AB91-024260984E88}.Release|x86.Build.0 = Release|Any CPU
		{8C9F8C2C-6D24-41EB-B404-017D8BCCF4CE}.Debug|Any CPU.ActiveCfg = Debug|Any CPU
		{8C9F8C2C-6D24-41EB-B404-017D8BCCF4CE}.Debug|Any CPU.Build.0 = Debug|Any CPU
		{8C9F8C2C-6D24-41EB-B404-017D8BCCF4CE}.Debug|x64.ActiveCfg = Debug|Any CPU
		{8C9F8C2C-6D24-41EB-B404-017D8BCCF4CE}.Debug|x64.Build.0 = Debug|Any CPU
		{8C9F8C2C-6D24-41EB-B404-017D8BCCF4CE}.Debug|x86.ActiveCfg = Debug|Any CPU
		{8C9F8C2C-6D24-41EB-B404-017D8BCCF4CE}.Debug|x86.Build.0 = Debug|Any CPU
		{8C9F8C2C-6D24-41EB-B404-017D8BCCF4CE}.Release|Any CPU.ActiveCfg = Release|Any CPU
		{8C9F8C2C-6D24-41EB-B404-017D8BCCF4CE}.Release|Any CPU.Build.0 = Release|Any CPU
		{8C9F8C2C-6D24-41EB-B404-017D8BCCF4CE}.Release|x64.ActiveCfg = Release|Any CPU
		{8C9F8C2C-6D24-41EB-B404-017D8BCCF4CE}.Release|x64.Build.0 = Release|Any CPU
		{8C9F8C2C-6D24-41EB-B404-017D8BCCF4CE}.Release|x86.ActiveCfg = Release|Any CPU
		{8C9F8C2C-6D24-41EB-B404-017D8BCCF4CE}.Release|x86.Build.0 = Release|Any CPU
		{D6EB73E8-5180-4651-BFA1-6332FEE19BFA}.Debug|Any CPU.ActiveCfg = Debug|Any CPU
		{D6EB73E8-5180-4651-BFA1-6332FEE19BFA}.Debug|Any CPU.Build.0 = Debug|Any CPU
		{D6EB73E8-5180-4651-BFA1-6332FEE19BFA}.Debug|x64.ActiveCfg = Debug|Any CPU
		{D6EB73E8-5180-4651-BFA1-6332FEE19BFA}.Debug|x64.Build.0 = Debug|Any CPU
		{D6EB73E8-5180-4651-BFA1-6332FEE19BFA}.Debug|x86.ActiveCfg = Debug|Any CPU
		{D6EB73E8-5180-4651-BFA1-6332FEE19BFA}.Debug|x86.Build.0 = Debug|Any CPU
		{D6EB73E8-5180-4651-BFA1-6332FEE19BFA}.Release|Any CPU.ActiveCfg = Release|Any CPU
		{D6EB73E8-5180-4651-BFA1-6332FEE19BFA}.Release|Any CPU.Build.0 = Release|Any CPU
		{D6EB73E8-5180-4651-BFA1-6332FEE19BFA}.Release|x64.ActiveCfg = Release|Any CPU
		{D6EB73E8-5180-4651-BFA1-6332FEE19BFA}.Release|x64.Build.0 = Release|Any CPU
		{D6EB73E8-5180-4651-BFA1-6332FEE19BFA}.Release|x86.ActiveCfg = Release|Any CPU
		{D6EB73E8-5180-4651-BFA1-6332FEE19BFA}.Release|x86.Build.0 = Release|Any CPU
		{DB086031-CF5E-4D05-AA98-E7A3506A7134}.Debug|Any CPU.ActiveCfg = Debug|Any CPU
		{DB086031-CF5E-4D05-AA98-E7A3506A7134}.Debug|Any CPU.Build.0 = Debug|Any CPU
		{DB086031-CF5E-4D05-AA98-E7A3506A7134}.Debug|x64.ActiveCfg = Debug|Any CPU
		{DB086031-CF5E-4D05-AA98-E7A3506A7134}.Debug|x64.Build.0 = Debug|Any CPU
		{DB086031-CF5E-4D05-AA98-E7A3506A7134}.Debug|x86.ActiveCfg = Debug|Any CPU
		{DB086031-CF5E-4D05-AA98-E7A3506A7134}.Debug|x86.Build.0 = Debug|Any CPU
		{DB086031-CF5E-4D05-AA98-E7A3506A7134}.Release|Any CPU.ActiveCfg = Release|Any CPU
		{DB086031-CF5E-4D05-AA98-E7A3506A7134}.Release|Any CPU.Build.0 = Release|Any CPU
		{DB086031-CF5E-4D05-AA98-E7A3506A7134}.Release|x64.ActiveCfg = Release|Any CPU
		{DB086031-CF5E-4D05-AA98-E7A3506A7134}.Release|x64.Build.0 = Release|Any CPU
		{DB086031-CF5E-4D05-AA98-E7A3506A7134}.Release|x86.ActiveCfg = Release|Any CPU
		{DB086031-CF5E-4D05-AA98-E7A3506A7134}.Release|x86.Build.0 = Release|Any CPU
	EndGlobalSection
	GlobalSection(SolutionProperties) = preSolution
		HideSolutionNode = FALSE
	EndGlobalSection
	GlobalSection(ExtensibilityGlobals) = postSolution
		SolutionGuid = {FF05C3EE-9034-4EEC-A7AD-22475A8F0D4C}
	EndGlobalSection
EndGlobal
